{
  "name": "cape",
  "version": "0.1.0",
  "lockfileVersion": 3,
  "requires": true,
  "packages": {
    "": {
      "name": "cape",
      "version": "0.1.0",
      "workspaces": [
        "packages/*"
      ],
      "engines": {
        "node": ">=22"
      }
    },
    "node_modules/@cape/core": {
      "resolved": "packages/cape-core",
      "link": true
    },
    "node_modules/@cape/gateway": {
      "resolved": "packages/cape-gateway",
      "link": true
    },
    "packages/cape-core": {
      "name": "@cape/core",
      "version": "0.1.0"
    },
    "packages/cape-gateway": {
      "name": "@cape/gateway",
      "version": "0.1.0"
    }
  }
}
